{
  "name": "habboverifbot",
  "version": "0.0.1",
  "lockfileVersion": 1,
  "requires": true,
  "dependencies": {
    "@discordjs/collection": {
      "version": "0.1.6",
      "resolved": "https://registry.yarnpkg.com/@discordjs/collection/-/collection-0.1.6.tgz",
      "integrity": "sha1-npp2N/Tk4GiP2LK1xjEzyRYHaCw= sha512-utRNxnd9kSS2qhyivo9lMlt5qgAUasH2gb7BEOn6p0efFh24gjGomHzWKMAPn2hEReOPQZCJaRKoURwRotKucQ==",
      "dev": true
    },
    "@discordjs/form-data": {
      "version": "3.0.1",
      "resolved": "https://registry.yarnpkg.com/@discordjs/form-data/-/form-data-3.0.1.tgz",
      "integrity": "sha1-XJ5r6ZLi5X0N+g45l5qFAiX7Rpc= sha512-ZfFsbgEXW71Rw/6EtBdrP5VxBJy4dthyC0tpQKGKmYFImlmmrykO14Za+BiIVduwjte0jXEBlhSKf0MWbFp9Eg==",
      "requires": {},
      "dev": true
    },
    "abort-controller": {
      "version": "3.0.0",
      "resolved": "https://registry.yarnpkg.com/abort-controller/-/abort-controller-3.0.0.tgz",
      "integrity": "sha1-6vVNU7YrrkE46AnKIlyEOabvs5I= sha512-h8lQ8tacZYnR3vNQTgibj+tODHI5/+l06Au2Pcriv/Gmet0eaj4TwWH41sO9wnHDiQsEj19q0drzdWdeAHtweg==",
      "requires": {},
      "dev": true
    },
    "asynckit": {
      "version": "0.4.0",
      "resolved": "https://registry.yarnpkg.com/asynckit/-/asynckit-0.4.0.tgz",
      "integrity": "sha1-x57Zf380y48robyXkLzDZkdLS3k=",
      "dev": true
    },
    "combined-stream": {
      "version": "1.0.8",
      "resolved": "https://registry.yarnpkg.com/combined-stream/-/combined-stream-1.0.8.tgz",
      "integrity": "sha1-w9RaizT9cwYxoRCoolIGgrMdWn8= sha512-FQN4MRfuJeHf7cBbBMJFXhKSDq+2kAArBlmRBvcvFE5BB1HZKXtSFASDhdlz9zOYwxh8lDdnvmMOe/+5cdoEdg==",
      "requires": {},
      "dev": true
    },
    "delayed-stream": {
      "version": "1.0.0",
      "resolved": "https://registry.yarnpkg.com/delayed-stream/-/delayed-stream-1.0.0.tgz",
      "integrity": "sha1-3zrhmayt+31ECqrgsp4icrJOxhk=",
      "dev": true
    },
    "discord.js": {
      "version": "github:discordjs/discord.js#fb1dd6b53aee68722b057f9a460eb618c61dd1c6",
      "requires": {},
      "dev": true
    },
    "event-target-shim": {
      "version": "5.0.1",
      "resolved": "https://registry.yarnpkg.com/event-target-shim/-/event-target-shim-5.0.1.tgz",
      "integrity": "sha1-XU0+vflYPWOlMzzi3rdICrKwV4k= sha512-i/2XbnSz/uxRCU6+NdVJgKWDTM427+MqYbkQzD321DuCQJUqOuJKIA0IM2+W2xtYHdKOmZ4dR6fExsd4SXL+WQ==",
      "dev": true
    },
    "fs-nextra": {
      "version": "0.4.7",
      "resolved": "https://registry.yarnpkg.com/fs-nextra/-/fs-nextra-0.4.7.tgz",
      "integrity": "sha1-dq82cCn8Xas2DxEvPTi7x6fSQoU= sha512-N61ZytY7cF3VlPTQ+o90XK+TsdOaUPeX0cpwy5oOVbXaneSO6KorpsR2xSQr+GJbItkWzgu3h4ypSqCWjTeZKg==",
      "dev": true
    },
    "klasa": {
      "version": "0.5.0",
      "resolved": "https://registry.yarnpkg.com/klasa/-/klasa-0.5.0.tgz",
      "integrity": "sha1-/I+RlFZwRp0U3GGE88Wx4+5sOvo= sha512-BrXP/rCvL7Sh4T3hnSOJTDbT5JT3Q3Di4sAg537OCzH/eRnYbeny4J99vkTGE5Lkm241HNH+kd+DURWaavBa6A==",
      "requires": {}
    },
    "mime-db": {
      "version": "1.44.0",
      "resolved": "https://registry.yarnpkg.com/mime-db/-/mime-db-1.44.0.tgz",
      "integrity": "sha1-+hHF6wrKEzS0Izy01S8QxaYnL5I= sha512-/NOTfLrsPBVeH7YtFPgsVWveuL+4SjjYxaQ1xtM1KMFj7HdxlBlxeyNLzhyJVx7r4rZGJAZ/6lkKCitSc/Nmpg==",
      "dev": true
    },
    "mime-types": {
      "version": "2.1.27",
      "resolved": "https://registry.yarnpkg.com/mime-types/-/mime-types-2.1.27.tgz",
      "integrity": "sha1-R5SfmOJ56lMRn1ci4PNOUpvsAJ8= sha512-JIhqnCasI9yD+SsmkquHBxTSEuZdQX5BuQnS2Vc7puQQQ+8yiP5AY5uWhpdv4YL4VM5c6iliiYWPgJ/nJQLp7w==",
      "requires": {},
      "dev": true
    },
    "node-fetch": {
      "version": "2.6.1",
      "resolved": "https://registry.yarnpkg.com/node-fetch/-/node-fetch-2.6.1.tgz",
      "integrity": "sha1-BFvTI2Mfdu0uK1VXM5RBa2OaAFI= sha512-V4aYg89jEoVRxRb2fJdAg8FHvI7cEyYdVAh94HH0UIK8oJxUfkjlDQN9RbMx+bEjP7+ggMiFRprSti032Oipxw==",
      "dev": true
    },
    "prism-media": {
      "version": "1.2.2",
      "resolved": "https://registry.yarnpkg.com/prism-media/-/prism-media-1.2.2.tgz",
      "integrity": "sha1-TxyEHySLZ9MloktOaxpJG49Qok8= sha512-I+nkWY212lJ500jLe4tN9tWO7nRiBAVdMv76P9kffZjYhw20raMlW1HSSvS+MLXC9MmbNZCazMrAr+5jEEgTuw==",
      "dev": true
    },
    "rethinkdb-ts": {
      "version": "2.4.9",
      "resolved": "https://registry.yarnpkg.com/rethinkdb-ts/-/rethinkdb-ts-2.4.9.tgz",
      "integrity": "sha1-IZ+c1J0jqsS9WHEd8+BgftrkCOo= sha512-xWrZw2dnpYmGON6pj5XJ0rPIBVBs1MCWwAeEDSybWP/0zwq7r1fYvibNjK0bCgU6UQ84RNWsKD7hHumE3sSS/A=="
    },
    "setimmediate": {
      "version": "1.0.5",
      "resolved": "https://registry.yarnpkg.com/setimmediate/-/setimmediate-1.0.5.tgz",
      "integrity": "sha1-KQy7Iy4waULX1+qbg3Mqt4VvgoU=",
      "dev": true
    },
    "tweetnacl": {
      "version": "1.0.3",
      "resolved": "https://registry.yarnpkg.com/tweetnacl/-/tweetnacl-1.0.3.tgz",
      "integrity": "sha1-rAr3FoBFjYpjeNDQ0FCrFAfTVZY= sha512-6rt+RN7aOi1nGMyC4Xa5DdYiukl2UWCbcJft7YhxReBGQD7OAM8Pbxw6YMo4r2diNEA8FEmu32YOn9rhaiE5yw==",
      "dev": true
    },
    "ws": {
      "version": "7.3.1",
      "resolved": "https://registry.yarnpkg.com/ws/-/ws-7.3.1.tgz",
      "integrity": "sha1-0FR79n985PEqct/jEmLGjX3FUcg= sha512-D3RuNkynyHmEJIpD2qrgVkc9DQ23OrN/moAwZX4L8DfvszsJxpjQuUq3LMx6HoYji9fbIOBY18XWBsAux1ZZUA==",
      "dev": true
    }
  }
}