{
  "name": "habboverifbot",
  "version": "0.0.1",
  "lockfileVersion": 1,
  "requires": true,
  "dependencies": {
    "discord.js": {
      "version": "github:discordjs/discord.js#fb1dd6b53aee68722b057f9a460eb618c61dd1c6",
      "from": "discord.js@github:discordjs/discord.js#fb1dd6b53aee68722b057f9a460eb618c61dd1c6"
    },
    "klasa": {
      "version": "0.5.0",
      "resolved": "https://registry.yarnpkg.com/klasa/-/klasa-0.5.0.tgz",
      "integrity": "sha1-/I+RlFZwRp0U3GGE88Wx4+5sOvo= sha512-BrXP/rCvL7Sh4T3hnSOJTDbT5JT3Q3Di4sAg537OCzH/eRnYbeny4J99vkTGE5Lkm241HNH+kd+DURWaavBa6A=="
    },
    "mongodb": {
      "version": "3.6.6",
      "resolved": "https://registry.yarnpkg.com/mongodb/-/mongodb-3.6.6.tgz",
      "integrity": "sha1-kuNlj0VCTDSt0wA+MEbBU1xTREk= sha512-WlirMiuV1UPbej5JeCMqE93JRfZ/ZzqE7nJTwP85XzjAF4rRSeq2bGCb1cjfoHLOF06+HxADaPGqT0g3SbVT1w==",
      "optional": true
    },
    "mysql2": {
      "version": "2.2.5",
      "resolved": "https://registry.yarnpkg.com/mysql2/-/mysql2-2.2.5.tgz",
      "integrity": "sha1-cmJP+0gW+A+Wucl/7djACTX580A= sha512-XRqPNxcZTpmFdXbJqb+/CtYVLCx14x1RTeNMD4954L331APu75IC74GDqnZMEt1kwaXy6TySo55rF2F3YJS78g==",
      "optional": true
    },
    "pg": {
      "version": "8.5.1",
      "resolved": "https://registry.yarnpkg.com/pg/-/pg-8.5.1.tgz",
      "integrity": "sha1-NNyxX220opxwK/UDHvLh4loGoSA= sha512-9wm3yX9lCfjvA98ybCyw2pADUivyNWT/yIP4ZcDVpMN0og70BUWYEGXPCTAQdGTAqnytfRADb7NERrY1qxhIqw==",
      "optional": true
    },
    "rethinkdb-ts": {
      "version": "2.4.9",
      "resolved": "https://registry.yarnpkg.com/rethinkdb-ts/-/rethinkdb-ts-2.4.9.tgz",
      "integrity": "sha1-IZ+c1J0jqsS9WHEd8+BgftrkCOo= sha512-xWrZw2dnpYmGON6pj5XJ0rPIBVBs1MCWwAeEDSybWP/0zwq7r1fYvibNjK0bCgU6UQ84RNWsKD7hHumE3sSS/A==",
      "optional": true
    }
  }
}
